
Microsoft Visual Studio Solution File, Format Version 12.00
Project("{FAE04EC0-301F-11D3-BF4B-00C04F79EFBC}") = "Clothing_store", "Clothing_store\Clothing_store.csproj", "{2E3BB261-B015-446D-92DD-0392896595B3}"
EndProject
Project("{FAE04EC0-301F-11D3-BF4B-00C04F79EFBC}") = "Models.DAL", "Models.DAL\Models.DAL.csproj", "{B4D13CDC-0616-45D5-88BD-7ED71B9F28C1}"
EndProject
Project("{FAE04EC0-301F-11D3-BF4B-00C04F79EFBC}") = "DataBase", "DataBase\DataBase.csproj", "{243F7FC3-6595-483C-AEF1-FC51B7FA6E05}"
EndProject
Project("{FAE04EC0-301F-11D3-BF4B-00C04F79EFBC}") = "Models.DAL.Enums", "Models.DAL.Enums\Models.DAL.Enums.csproj", "{F4013E8D-38C3-4EA8-BE07-38E966D969B3}"
EndProject
Global
	GlobalSection(SolutionConfigurationPlatforms) = preSolution
		Debug|Any CPU = Debug|Any CPU
		Release|Any CPU = Release|Any CPU
	EndGlobalSection
	GlobalSection(ProjectConfigurationPlatforms) = postSolution
		{2E3BB261-B015-446D-92DD-0392896595B3}.Debug|Any CPU.ActiveCfg = Debug|Any CPU
		{2E3BB261-B015-446D-92DD-0392896595B3}.Debug|Any CPU.Build.0 = Debug|Any CPU
		{2E3BB261-B015-446D-92DD-0392896595B3}.Release|Any CPU.ActiveCfg = Release|Any CPU
		{2E3BB261-B015-446D-92DD-0392896595B3}.Release|Any CPU.Build.0 = Release|Any CPU
		{B4D13CDC-0616-45D5-88BD-7ED71B9F28C1}.Debug|Any CPU.ActiveCfg = Debug|Any CPU
		{B4D13CDC-0616-45D5-88BD-7ED71B9F28C1}.Debug|Any CPU.Build.0 = Debug|Any CPU
		{B4D13CDC-0616-45D5-88BD-7ED71B9F28C1}.Release|Any CPU.ActiveCfg = Release|Any CPU
		{B4D13CDC-0616-45D5-88BD-7ED71B9F28C1}.Release|Any CPU.Build.0 = Release|Any CPU
		{243F7FC3-6595-483C-AEF1-FC51B7FA6E05}.Debug|Any CPU.ActiveCfg = Debug|Any CPU
		{243F7FC3-6595-483C-AEF1-FC51B7FA6E05}.Debug|Any CPU.Build.0 = Debug|Any CPU
		{243F7FC3-6595-483C-AEF1-FC51B7FA6E05}.Release|Any CPU.ActiveCfg = Release|Any CPU
		{243F7FC3-6595-483C-AEF1-FC51B7FA6E05}.Release|Any CPU.Build.0 = Release|Any CPU
		{F4013E8D-38C3-4EA8-BE07-38E966D969B3}.Debug|Any CPU.ActiveCfg = Debug|Any CPU
		{F4013E8D-38C3-4EA8-BE07-38E966D969B3}.Debug|Any CPU.Build.0 = Debug|Any CPU
		{F4013E8D-38C3-4EA8-BE07-38E966D969B3}.Release|Any CPU.ActiveCfg = Release|Any CPU
		{F4013E8D-38C3-4EA8-BE07-38E966D969B3}.Release|Any CPU.Build.0 = Release|Any CPU
	EndGlobalSection
EndGlobal
